
Microsoft Visual Studio Solution File, Format Version 12.00
# Visual Studio Version 16
VisualStudioVersion = 16.0.30330.147
MinimumVisualStudioVersion = 10.0.40219.1
Project("{FAE04EC0-301F-11D3-BF4B-00C04F79EFBC}") = "CensusAnalyserProblem", "CensusAnalyser\CensusAnalyserProblem.csproj", "{038F446F-B020-44F7-8E3C-B7A1F6223A0D}"
EndProject
Project("{FAE04EC0-301F-11D3-BF4B-00C04F79EFBC}") = "CensusAnalyserTest", "CensusAnalyserTest\CensusAnalyserTest.csproj", "{9373D2AF-E584-4F09-8CB5-B07440B21E0E}"
EndProject
Global
	GlobalSection(SolutionConfigurationPlatforms) = preSolution
		Debug|Any CPU = Debug|Any CPU
		Release|Any CPU = Release|Any CPU
	EndGlobalSection
	GlobalSection(ProjectConfigurationPlatforms) = postSolution
		{038F446F-B020-44F7-8E3C-B7A1F6223A0D}.Debug|Any CPU.ActiveCfg = Debug|Any CPU
		{038F446F-B020-44F7-8E3C-B7A1F6223A0D}.Debug|Any CPU.Build.0 = Debug|Any CPU
		{038F446F-B020-44F7-8E3C-B7A1F6223A0D}.Release|Any CPU.ActiveCfg = Release|Any CPU
		{038F446F-B020-44F7-8E3C-B7A1F6223A0D}.Release|Any CPU.Build.0 = Release|Any CPU
		{9373D2AF-E584-4F09-8CB5-B07440B21E0E}.Debug|Any CPU.ActiveCfg = Debug|Any CPU
		{9373D2AF-E584-4F09-8CB5-B07440B21E0E}.Debug|Any CPU.Build.0 = Debug|Any CPU
		{9373D2AF-E584-4F09-8CB5-B07440B21E0E}.Release|Any CPU.ActiveCfg = Release|Any CPU
		{9373D2AF-E584-4F09-8CB5-B07440B21E0E}.Release|Any CPU.Build.0 = Release|Any CPU
	EndGlobalSection
	GlobalSection(SolutionProperties) = preSolution
		HideSolutionNode = FALSE
	EndGlobalSection
	GlobalSection(ExtensibilityGlobals) = postSolution
		SolutionGuid = {636E2D3E-028F-4DF7-BA9E-DCB4B4742DAE}
	EndGlobalSection
EndGlobal
